
Microsoft Visual Studio Solution File, Format Version 12.00
# Visual Studio Version 17
VisualStudioVersion = 17.14.36518.9 d17.14
MinimumVisualStudioVersion = 10.0.40219.1
Project("{FAE04EC0-301F-11D3-BF4B-00C04F79EFBC}") = "ClinicaApp", "ClinicaApp.csproj", "{F118768D-685F-4CFE-B56D-B0A61D953288}"
EndProject
Global
	GlobalSection(SolutionConfigurationPlatforms) = preSolution
		Debug|Any CPU = Debug|Any CPU
		Release|Any CPU = Release|Any CPU
	EndGlobalSection
	GlobalSection(ProjectConfigurationPlatforms) = postSolution
		{F118768D-685F-4CFE-B56D-B0A61D953288}.Debug|Any CPU.ActiveCfg = Debug|Any CPU
		{F118768D-685F-4CFE-B56D-B0A61D953288}.Debug|Any CPU.Build.0 = Debug|Any CPU
		{F118768D-685F-4CFE-B56D-B0A61D953288}.Release|Any CPU.ActiveCfg = Release|Any CPU
		{F118768D-685F-4CFE-B56D-B0A61D953288}.Release|Any CPU.Build.0 = Release|Any CPU
	EndGlobalSection
	GlobalSection(SolutionProperties) = preSolution
		HideSolutionNode = FALSE
	EndGlobalSection
	GlobalSection(ExtensibilityGlobals) = postSolution
		SolutionGuid = {307E1B92-32DC-4782-BED7-BDFE3934392D}
	EndGlobalSection
EndGlobal
